
Microsoft Visual Studio Solution File, Format Version 12.00
# Visual Studio 15
Project("{FAE04EC0-301F-11D3-BF4B-00C04F79EFBC}") = "Assembly-CSharp", "Assembly-CSharp.csproj", "{492D5E45-C682-0C4B-4400-4AF761E9B406}"
EndProject
Global
	GlobalSection(SolutionConfigurationPlatforms) = preSolution
		Debug|Any CPU = Debug|Any CPU
		Release|Any CPU = Release|Any CPU
	EndGlobalSection
	GlobalSection(ProjectConfigurationPlatforms) = postSolution
		{492D5E45-C682-0C4B-4400-4AF761E9B406}.Debug|Any CPU.ActiveCfg = Debug|Any CPU
		{492D5E45-C682-0C4B-4400-4AF761E9B406}.Debug|Any CPU.Build.0 = Debug|Any CPU
		{492D5E45-C682-0C4B-4400-4AF761E9B406}.Release|Any CPU.ActiveCfg = Release|Any CPU
		{492D5E45-C682-0C4B-4400-4AF761E9B406}.Release|Any CPU.Build.0 = Release|Any CPU
	EndGlobalSection
	GlobalSection(SolutionProperties) = preSolution
		HideSolutionNode = FALSE
	EndGlobalSection
EndGlobal
